
Microsoft Visual Studio Solution File, Format Version 12.00
# Visual Studio 15
VisualStudioVersion = 15.0.28307.421
MinimumVisualStudioVersion = 10.0.40219.1
Project("{FAE04EC0-301F-11D3-BF4B-00C04F79EFBC}") = "FileManager", "FileManager\FileManager.csproj", "{A26B72B5-989A-455C-84B5-E8EC3631C913}"
EndProject
Global
	GlobalSection(SolutionConfigurationPlatforms) = preSolution
		Debug|Any CPU = Debug|Any CPU
		Release|Any CPU = Release|Any CPU
	EndGlobalSection
	GlobalSection(ProjectConfigurationPlatforms) = postSolution
		{A26B72B5-989A-455C-84B5-E8EC3631C913}.Debug|Any CPU.ActiveCfg = Debug|Any CPU
		{A26B72B5-989A-455C-84B5-E8EC3631C913}.Debug|Any CPU.Build.0 = Debug|Any CPU
		{A26B72B5-989A-455C-84B5-E8EC3631C913}.Release|Any CPU.ActiveCfg = Release|Any CPU
		{A26B72B5-989A-455C-84B5-E8EC3631C913}.Release|Any CPU.Build.0 = Release|Any CPU
	EndGlobalSection
	GlobalSection(SolutionProperties) = preSolution
		HideSolutionNode = FALSE
	EndGlobalSection
	GlobalSection(ExtensibilityGlobals) = postSolution
		SolutionGuid = {495D8D09-C7EB-4044-8FFA-70C4351869D5}
	EndGlobalSection
EndGlobal
